// !$*UTF8*$!
{
	archiveVersion = 1;
	classes = {
	};
	objectVersion = 48;
	objects = {

/* Begin PBXBuildFile section */
		6D8073D90EC2962F8CD0E728 /* Pods_EmergencyAlerter_WatchKit_App.framework in Frameworks */ = {isa = PBXBuildFile; fileRef = 3E801691A5EA9F8DA1E16F21 /* Pods_EmergencyAlerter_WatchKit_App.framework */; };
		BCAE6FCE4E815DC7B64A5B94 /* Pods_EmergencyAlerter_WatchKit_Extension.framework in Frameworks */ = {isa = PBXBuildFile; fileRef = 6761FDA18B94FD418C92EB7B /* Pods_EmergencyAlerter_WatchKit_Extension.framework */; };
		CC9E23CBE931EC5365274637 /* Pods_EmergencyAlerter.framework in Frameworks */ = {isa = PBXBuildFile; fileRef = D623033709F287680B3B93DE /* Pods_EmergencyAlerter.framework */; };
		D00A898B1FB329F500968701 /* PoliceViewController.swift in Sources */ = {isa = PBXBuildFile; fileRef = D00A898A1FB329F500968701 /* PoliceViewController.swift */; };
		D040A8601FBF58B600731C24 /* MessageViewController.swift in Sources */ = {isa = PBXBuildFile; fileRef = D040A85F1FBF58B600731C24 /* MessageViewController.swift */; };
		D07AEF071FB59EC400C979AE /* CoreLocation.framework in Frameworks */ = {isa = PBXBuildFile; fileRef = D07AEF061FB59EC300C979AE /* CoreLocation.framework */; };
		D0CEE1A71FB4504300E061E3 /* SettingsInterfaceController.swift in Sources */ = {isa = PBXBuildFile; fileRef = D0CEE1A61FB4504300E061E3 /* SettingsInterfaceController.swift */; };
		D0CEE1D11FB453CB00E061E3 /* EmergencyAlerter.xcdatamodeld in Sources */ = {isa = PBXBuildFile; fileRef = D0CEE1CF1FB453CB00E061E3 /* EmergencyAlerter.xcdatamodeld */; };
		D0CEE1D41FB4546B00E061E3 /* SettingsViewController.swift in Sources */ = {isa = PBXBuildFile; fileRef = D0CEE1D31FB4546B00E061E3 /* SettingsViewController.swift */; };
		D0DB73311FBF4EFB00187EF3 /* CallViewController.swift in Sources */ = {isa = PBXBuildFile; fileRef = D0DB73301FBF4EFB00187EF3 /* CallViewController.swift */; };
		D0F6468A1FB1DCC200D3242F /* AppDelegate.swift in Sources */ = {isa = PBXBuildFile; fileRef = D0F646891FB1DCC200D3242F /* AppDelegate.swift */; };
		D0F6468F1FB1DCC200D3242F /* Main.storyboard in Resources */ = {isa = PBXBuildFile; fileRef = D0F6468D1FB1DCC200D3242F /* Main.storyboard */; };
		D0F646911FB1DCC200D3242F /* Assets.xcassets in Resources */ = {isa = PBXBuildFile; fileRef = D0F646901FB1DCC200D3242F /* Assets.xcassets */; };
		D0F646941FB1DCC200D3242F /* LaunchScreen.storyboard in Resources */ = {isa = PBXBuildFile; fileRef = D0F646921FB1DCC200D3242F /* LaunchScreen.storyboard */; };
		D0F646991FB1DCC200D3242F /* EmergencyAlerter WatchKit App.app in Embed Watch Content */ = {isa = PBXBuildFile; fileRef = D0F646981FB1DCC200D3242F /* EmergencyAlerter WatchKit App.app */; };
		D0F6469F1FB1DCC200D3242F /* Interface.storyboard in Resources */ = {isa = PBXBuildFile; fileRef = D0F6469D1FB1DCC200D3242F /* Interface.storyboard */; };
		D0F646A11FB1DCC200D3242F /* Assets.xcassets in Resources */ = {isa = PBXBuildFile; fileRef = D0F646A01FB1DCC200D3242F /* Assets.xcassets */; };
		D0F646A81FB1DCC200D3242F /* EmergencyAlerter WatchKit Extension.appex in Embed App Extensions */ = {isa = PBXBuildFile; fileRef = D0F646A71FB1DCC200D3242F /* EmergencyAlerter WatchKit Extension.appex */; settings = {ATTRIBUTES = (RemoveHeadersOnCopy, ); }; };
		D0F646AD1FB1DCC200D3242F /* InterfaceController.swift in Sources */ = {isa = PBXBuildFile; fileRef = D0F646AC1FB1DCC200D3242F /* InterfaceController.swift */; };
		D0F646AF1FB1DCC200D3242F /* ExtensionDelegate.swift in Sources */ = {isa = PBXBuildFile; fileRef = D0F646AE1FB1DCC200D3242F /* ExtensionDelegate.swift */; };
		D0F646B11FB1DCC200D3242F /* Assets.xcassets in Resources */ = {isa = PBXBuildFile; fileRef = D0F646B01FB1DCC200D3242F /* Assets.xcassets */; };
		D0F8B2521FB325740005F472 /* PoliceStation.swift in Sources */ = {isa = PBXBuildFile; fileRef = D0F8B2511FB325740005F472 /* PoliceStation.swift */; };
		D0F8B2541FB325E80005F472 /* GeoLocation.swift in Sources */ = {isa = PBXBuildFile; fileRef = D0F8B2531FB325E80005F472 /* GeoLocation.swift */; };
		D0F8B2561FB326200005F472 /* PoliceLoader.swift in Sources */ = {isa = PBXBuildFile; fileRef = D0F8B2551FB326200005F472 /* PoliceLoader.swift */; };
/* End PBXBuildFile section */

/* Begin PBXContainerItemProxy section */
		D0F6469A1FB1DCC200D3242F /* PBXContainerItemProxy */ = {
			isa = PBXContainerItemProxy;
			containerPortal = D0F6467E1FB1DCC200D3242F /* Project object */;
			proxyType = 1;
			remoteGlobalIDString = D0F646971FB1DCC200D3242F;
			remoteInfo = "EmergencyAlerter WatchKit App";
		};
		D0F646A91FB1DCC200D3242F /* PBXContainerItemProxy */ = {
			isa = PBXContainerItemProxy;
			containerPortal = D0F6467E1FB1DCC200D3242F /* Project object */;
			proxyType = 1;
			remoteGlobalIDString = D0F646A61FB1DCC200D3242F;
			remoteInfo = "EmergencyAlerter WatchKit Extension";
		};
/* End PBXContainerItemProxy section */

/* Begin PBXCopyFilesBuildPhase section */
		D0F646B81FB1DCC200D3242F /* Embed App Extensions */ = {
			isa = PBXCopyFilesBuildPhase;
			buildActionMask = 2147483647;
			dstPath = "";
			dstSubfolderSpec = 13;
			files = (
				D0F646A81FB1DCC200D3242F /* EmergencyAlerter WatchKit Extension.appex in Embed App Extensions */,
			);
			name = "Embed App Extensions";
			runOnlyForDeploymentPostprocessing = 0;
		};
		D0F646BC1FB1DCC200D3242F /* Embed Watch Content */ = {
			isa = PBXCopyFilesBuildPhase;
			buildActionMask = 2147483647;
			dstPath = "$(CONTENTS_FOLDER_PATH)/Watch";
			dstSubfolderSpec = 16;
			files = (
				D0F646991FB1DCC200D3242F /* EmergencyAlerter WatchKit App.app in Embed Watch Content */,
			);
			name = "Embed Watch Content";
			runOnlyForDeploymentPostprocessing = 0;
		};
/* End PBXCopyFilesBuildPhase section */

/* Begin PBXFileReference section */
		3E801691A5EA9F8DA1E16F21 /* Pods_EmergencyAlerter_WatchKit_App.framework */ = {isa = PBXFileReference; explicitFileType = wrapper.framework; includeInIndex = 0; path = Pods_EmergencyAlerter_WatchKit_App.framework; sourceTree = BUILT_PRODUCTS_DIR; };
		4F0450BD1046A011C1E6048D /* Pods-EmergencyAlerter WatchKit App.debug.xcconfig */ = {isa = PBXFileReference; includeInIndex = 1; lastKnownFileType = text.xcconfig; name = "Pods-EmergencyAlerter WatchKit App.debug.xcconfig"; path = "Pods/Target Support Files/Pods-EmergencyAlerter WatchKit App/Pods-EmergencyAlerter WatchKit App.debug.xcconfig"; sourceTree = "<group>"; };
		58502FAC4EAD1FE4BA0B8D54 /* Pods-EmergencyAlerter WatchKit Extension.debug.xcconfig */ = {isa = PBXFileReference; includeInIndex = 1; lastKnownFileType = text.xcconfig; name = "Pods-EmergencyAlerter WatchKit Extension.debug.xcconfig"; path = "Pods/Target Support Files/Pods-EmergencyAlerter WatchKit Extension/Pods-EmergencyAlerter WatchKit Extension.debug.xcconfig"; sourceTree = "<group>"; };
		5A85FB31B6385CC79BA37BDD /* Pods-EmergencyAlerter WatchKit Extension.release.xcconfig */ = {isa = PBXFileReference; includeInIndex = 1; lastKnownFileType = text.xcconfig; name = "Pods-EmergencyAlerter WatchKit Extension.release.xcconfig"; path = "Pods/Target Support Files/Pods-EmergencyAlerter WatchKit Extension/Pods-EmergencyAlerter WatchKit Extension.release.xcconfig"; sourceTree = "<group>"; };
		6761FDA18B94FD418C92EB7B /* Pods_EmergencyAlerter_WatchKit_Extension.framework */ = {isa = PBXFileReference; explicitFileType = wrapper.framework; includeInIndex = 0; path = Pods_EmergencyAlerter_WatchKit_Extension.framework; sourceTree = BUILT_PRODUCTS_DIR; };
		87E0807B6FC2FB68172A31CA /* Pods-EmergencyAlerter.debug.xcconfig */ = {isa = PBXFileReference; includeInIndex = 1; lastKnownFileType = text.xcconfig; name = "Pods-EmergencyAlerter.debug.xcconfig"; path = "Pods/Target Support Files/Pods-EmergencyAlerter/Pods-EmergencyAlerter.debug.xcconfig"; sourceTree = "<group>"; };
		D00A898A1FB329F500968701 /* PoliceViewController.swift */ = {isa = PBXFileReference; lastKnownFileType = sourcecode.swift; path = PoliceViewController.swift; sourceTree = "<group>"; };
		D040A85F1FBF58B600731C24 /* MessageViewController.swift */ = {isa = PBXFileReference; lastKnownFileType = sourcecode.swift; path = MessageViewController.swift; sourceTree = "<group>"; };
		D07AEF061FB59EC300C979AE /* CoreLocation.framework */ = {isa = PBXFileReference; lastKnownFileType = wrapper.framework; name = CoreLocation.framework; path = System/Library/Frameworks/CoreLocation.framework; sourceTree = SDKROOT; };
		D0CE6A591FB5AC5E002541F6 /* ObjectMapper.framework */ = {isa = PBXFileReference; explicitFileType = wrapper.framework; path = ObjectMapper.framework; sourceTree = BUILT_PRODUCTS_DIR; };
		D0CEE1A61FB4504300E061E3 /* SettingsInterfaceController.swift */ = {isa = PBXFileReference; lastKnownFileType = sourcecode.swift; path = SettingsInterfaceController.swift; sourceTree = "<group>"; };
		D0CEE1D01FB453CB00E061E3 /* EmergencyAlerter.xcdatamodel */ = {isa = PBXFileReference; lastKnownFileType = wrapper.xcdatamodel; path = EmergencyAlerter.xcdatamodel; sourceTree = "<group>"; };
		D0CEE1D31FB4546B00E061E3 /* SettingsViewController.swift */ = {isa = PBXFileReference; lastKnownFileType = sourcecode.swift; path = SettingsViewController.swift; sourceTree = "<group>"; };
		D0DB73301FBF4EFB00187EF3 /* CallViewController.swift */ = {isa = PBXFileReference; lastKnownFileType = sourcecode.swift; path = CallViewController.swift; sourceTree = "<group>"; };
		D0F646861FB1DCC200D3242F /* EmergencyAlerter.app */ = {isa = PBXFileReference; explicitFileType = wrapper.application; includeInIndex = 0; path = EmergencyAlerter.app; sourceTree = BUILT_PRODUCTS_DIR; };
		D0F646891FB1DCC200D3242F /* AppDelegate.swift */ = {isa = PBXFileReference; lastKnownFileType = sourcecode.swift; path = AppDelegate.swift; sourceTree = "<group>"; };
		D0F6468E1FB1DCC200D3242F /* Base */ = {isa = PBXFileReference; lastKnownFileType = file.storyboard; name = Base; path = Base.lproj/Main.storyboard; sourceTree = "<group>"; };
		D0F646901FB1DCC200D3242F /* Assets.xcassets */ = {isa = PBXFileReference; lastKnownFileType = folder.assetcatalog; path = Assets.xcassets; sourceTree = "<group>"; };
		D0F646931FB1DCC200D3242F /* Base */ = {isa = PBXFileReference; lastKnownFileType = file.storyboard; name = Base; path = Base.lproj/LaunchScreen.storyboard; sourceTree = "<group>"; };
		D0F646951FB1DCC200D3242F /* Info.plist */ = {isa = PBXFileReference; lastKnownFileType = text.plist.xml; path = Info.plist; sourceTree = "<group>"; };
		D0F646981FB1DCC200D3242F /* EmergencyAlerter WatchKit App.app */ = {isa = PBXFileReference; explicitFileType = wrapper.application; includeInIndex = 0; path = "EmergencyAlerter WatchKit App.app"; sourceTree = BUILT_PRODUCTS_DIR; };
		D0F6469E1FB1DCC200D3242F /* Base */ = {isa = PBXFileReference; lastKnownFileType = file.storyboard; name = Base; path = Base.lproj/Interface.storyboard; sourceTree = "<group>"; };
		D0F646A01FB1DCC200D3242F /* Assets.xcassets */ = {isa = PBXFileReference; lastKnownFileType = folder.assetcatalog; path = Assets.xcassets; sourceTree = "<group>"; };
		D0F646A21FB1DCC200D3242F /* Info.plist */ = {isa = PBXFileReference; lastKnownFileType = text.plist.xml; path = Info.plist; sourceTree = "<group>"; };
		D0F646A71FB1DCC200D3242F /* EmergencyAlerter WatchKit Extension.appex */ = {isa = PBXFileReference; explicitFileType = "wrapper.app-extension"; includeInIndex = 0; path = "EmergencyAlerter WatchKit Extension.appex"; sourceTree = BUILT_PRODUCTS_DIR; };
		D0F646AC1FB1DCC200D3242F /* InterfaceController.swift */ = {isa = PBXFileReference; lastKnownFileType = sourcecode.swift; path = InterfaceController.swift; sourceTree = "<group>"; };
		D0F646AE1FB1DCC200D3242F /* ExtensionDelegate.swift */ = {isa = PBXFileReference; lastKnownFileType = sourcecode.swift; path = ExtensionDelegate.swift; sourceTree = "<group>"; };
		D0F646B01FB1DCC200D3242F /* Assets.xcassets */ = {isa = PBXFileReference; lastKnownFileType = folder.assetcatalog; path = Assets.xcassets; sourceTree = "<group>"; };
		D0F646B21FB1DCC200D3242F /* Info.plist */ = {isa = PBXFileReference; lastKnownFileType = text.plist.xml; path = Info.plist; sourceTree = "<group>"; };
		D0F8B2501FB325740005F472 /* EmergencyAlerter WatchKit App-Bridging-Header.h */ = {isa = PBXFileReference; lastKnownFileType = sourcecode.c.h; path = "EmergencyAlerter WatchKit App-Bridging-Header.h"; sourceTree = "<group>"; };
		D0F8B2511FB325740005F472 /* PoliceStation.swift */ = {isa = PBXFileReference; lastKnownFileType = sourcecode.swift; path = PoliceStation.swift; sourceTree = "<group>"; };
		D0F8B2531FB325E80005F472 /* GeoLocation.swift */ = {isa = PBXFileReference; lastKnownFileType = sourcecode.swift; path = GeoLocation.swift; sourceTree = "<group>"; };
		D0F8B2551FB326200005F472 /* PoliceLoader.swift */ = {isa = PBXFileReference; lastKnownFileType = sourcecode.swift; path = PoliceLoader.swift; sourceTree = "<group>"; };
		D623033709F287680B3B93DE /* Pods_EmergencyAlerter.framework */ = {isa = PBXFileReference; explicitFileType = wrapper.framework; includeInIndex = 0; path = Pods_EmergencyAlerter.framework; sourceTree = BUILT_PRODUCTS_DIR; };
		E125E2632963BDF869878247 /* Pods-EmergencyAlerter WatchKit App.release.xcconfig */ = {isa = PBXFileReference; includeInIndex = 1; lastKnownFileType = text.xcconfig; name = "Pods-EmergencyAlerter WatchKit App.release.xcconfig"; path = "Pods/Target Support Files/Pods-EmergencyAlerter WatchKit App/Pods-EmergencyAlerter WatchKit App.release.xcconfig"; sourceTree = "<group>"; };
		F6B94CE3D9D26A39DB7D2EAF /* Pods-EmergencyAlerter.release.xcconfig */ = {isa = PBXFileReference; includeInIndex = 1; lastKnownFileType = text.xcconfig; name = "Pods-EmergencyAlerter.release.xcconfig"; path = "Pods/Target Support Files/Pods-EmergencyAlerter/Pods-EmergencyAlerter.release.xcconfig"; sourceTree = "<group>"; };
/* End PBXFileReference section */

/* Begin PBXFrameworksBuildPhase section */
		3371D41493C2ACF3BE0F52E8 /* Frameworks */ = {
			isa = PBXFrameworksBuildPhase;
			buildActionMask = 2147483647;
			files = (
				6D8073D90EC2962F8CD0E728 /* Pods_EmergencyAlerter_WatchKit_App.framework in Frameworks */,
			);
			runOnlyForDeploymentPostprocessing = 0;
		};
		D0F646831FB1DCC200D3242F /* Frameworks */ = {
			isa = PBXFrameworksBuildPhase;
			buildActionMask = 2147483647;
			files = (
				D07AEF071FB59EC400C979AE /* CoreLocation.framework in Frameworks */,
				CC9E23CBE931EC5365274637 /* Pods_EmergencyAlerter.framework in Frameworks */,
			);
			runOnlyForDeploymentPostprocessing = 0;
		};
		D0F646A41FB1DCC200D3242F /* Frameworks */ = {
			isa = PBXFrameworksBuildPhase;
			buildActionMask = 2147483647;
			files = (
				BCAE6FCE4E815DC7B64A5B94 /* Pods_EmergencyAlerter_WatchKit_Extension.framework in Frameworks */,
			);
			runOnlyForDeploymentPostprocessing = 0;
		};
/* End PBXFrameworksBuildPhase section */

/* Begin PBXGroup section */
		05EEE4E1D9B531FE05B45BA8 /* Frameworks */ = {
			isa = PBXGroup;
			children = (
				D0CE6A591FB5AC5E002541F6 /* ObjectMapper.framework */,
				D07AEF061FB59EC300C979AE /* CoreLocation.framework */,
				D623033709F287680B3B93DE /* Pods_EmergencyAlerter.framework */,
				3E801691A5EA9F8DA1E16F21 /* Pods_EmergencyAlerter_WatchKit_App.framework */,
				6761FDA18B94FD418C92EB7B /* Pods_EmergencyAlerter_WatchKit_Extension.framework */,
			);
			name = Frameworks;
			sourceTree = "<group>";
		};
		B4A864E5783072F56C883009 /* Pods */ = {
			isa = PBXGroup;
			children = (
				87E0807B6FC2FB68172A31CA /* Pods-EmergencyAlerter.debug.xcconfig */,
				F6B94CE3D9D26A39DB7D2EAF /* Pods-EmergencyAlerter.release.xcconfig */,
				4F0450BD1046A011C1E6048D /* Pods-EmergencyAlerter WatchKit App.debug.xcconfig */,
				E125E2632963BDF869878247 /* Pods-EmergencyAlerter WatchKit App.release.xcconfig */,
				58502FAC4EAD1FE4BA0B8D54 /* Pods-EmergencyAlerter WatchKit Extension.debug.xcconfig */,
				5A85FB31B6385CC79BA37BDD /* Pods-EmergencyAlerter WatchKit Extension.release.xcconfig */,
			);
			name = Pods;
			sourceTree = "<group>";
		};
		D0F6467D1FB1DCC200D3242F = {
			isa = PBXGroup;
			children = (
				D0CEE1CF1FB453CB00E061E3 /* EmergencyAlerter.xcdatamodeld */,
				D0F8B24F1FB321320005F472 /* Network */,
				D0F8B24A1FB31EA40005F472 /* Model */,
				D0F646881FB1DCC200D3242F /* EmergencyAlerter */,
				D0F6469C1FB1DCC200D3242F /* EmergencyAlerter WatchKit App */,
				D0F646AB1FB1DCC200D3242F /* EmergencyAlerter WatchKit Extension */,
				D0F646871FB1DCC200D3242F /* Products */,
				B4A864E5783072F56C883009 /* Pods */,
				05EEE4E1D9B531FE05B45BA8 /* Frameworks */,
			);
			sourceTree = "<group>";
		};
		D0F646871FB1DCC200D3242F /* Products */ = {
			isa = PBXGroup;
			children = (
				D0F646861FB1DCC200D3242F /* EmergencyAlerter.app */,
				D0F646981FB1DCC200D3242F /* EmergencyAlerter WatchKit App.app */,
				D0F646A71FB1DCC200D3242F /* EmergencyAlerter WatchKit Extension.appex */,
			);
			name = Products;
			sourceTree = "<group>";
		};
		D0F646881FB1DCC200D3242F /* EmergencyAlerter */ = {
			isa = PBXGroup;
			children = (
				D0F8B24C1FB31EFE0005F472 /* ViewController */,
				D0F646891FB1DCC200D3242F /* AppDelegate.swift */,
				D0F6468D1FB1DCC200D3242F /* Main.storyboard */,
				D0F646901FB1DCC200D3242F /* Assets.xcassets */,
				D0F646921FB1DCC200D3242F /* LaunchScreen.storyboard */,
				D0F646951FB1DCC200D3242F /* Info.plist */,
			);
			path = EmergencyAlerter;
			sourceTree = "<group>";
		};
		D0F6469C1FB1DCC200D3242F /* EmergencyAlerter WatchKit App */ = {
			isa = PBXGroup;
			children = (
				D0F8B24D1FB31F160005F472 /* ViewController */,
				D0F6469D1FB1DCC200D3242F /* Interface.storyboard */,
				D0F646A01FB1DCC200D3242F /* Assets.xcassets */,
				D0F646A21FB1DCC200D3242F /* Info.plist */,
			);
			path = "EmergencyAlerter WatchKit App";
			sourceTree = "<group>";
		};
		D0F646AB1FB1DCC200D3242F /* EmergencyAlerter WatchKit Extension */ = {
			isa = PBXGroup;
			children = (
				D0F646AC1FB1DCC200D3242F /* InterfaceController.swift */,
				D0F646AE1FB1DCC200D3242F /* ExtensionDelegate.swift */,
				D0F646B01FB1DCC200D3242F /* Assets.xcassets */,
				D0F646B21FB1DCC200D3242F /* Info.plist */,
			);
			path = "EmergencyAlerter WatchKit Extension";
			sourceTree = "<group>";
		};
		D0F8B24A1FB31EA40005F472 /* Model */ = {
			isa = PBXGroup;
			children = (
				D0F8B2511FB325740005F472 /* PoliceStation.swift */,
				D0F8B2501FB325740005F472 /* EmergencyAlerter WatchKit App-Bridging-Header.h */,
				D0F8B2531FB325E80005F472 /* GeoLocation.swift */,
			);
			path = Model;
			sourceTree = "<group>";
		};
		D0F8B24C1FB31EFE0005F472 /* ViewController */ = {
			isa = PBXGroup;
			children = (
				D00A898A1FB329F500968701 /* PoliceViewController.swift */,
				D0CEE1D31FB4546B00E061E3 /* SettingsViewController.swift */,
				D0DB73301FBF4EFB00187EF3 /* CallViewController.swift */,
				D040A85F1FBF58B600731C24 /* MessageViewController.swift */,
			);
			path = ViewController;
			sourceTree = "<group>";
		};
		D0F8B24D1FB31F160005F472 /* ViewController */ = {
			isa = PBXGroup;
			children = (
				D0CEE1A61FB4504300E061E3 /* SettingsInterfaceController.swift */,
			);
			path = ViewController;
			sourceTree = "<group>";
		};
		D0F8B24F1FB321320005F472 /* Network */ = {
			isa = PBXGroup;
			children = (
				D0F8B2551FB326200005F472 /* PoliceLoader.swift */,
			);
			path = Network;
			sourceTree = "<group>";
		};
/* End PBXGroup section */

/* Begin PBXNativeTarget section */
		D0F646851FB1DCC200D3242F /* EmergencyAlerter */ = {
			isa = PBXNativeTarget;
			buildConfigurationList = D0F646BD1FB1DCC200D3242F /* Build configuration list for PBXNativeTarget "EmergencyAlerter" */;
			buildPhases = (
				091AC4BBA14A682438B3F841 /* [CP] Check Pods Manifest.lock */,
				D0F646821FB1DCC200D3242F /* Sources */,
				D0F646831FB1DCC200D3242F /* Frameworks */,
				D0F646841FB1DCC200D3242F /* Resources */,
				D0F646BC1FB1DCC200D3242F /* Embed Watch Content */,
				089B0C2CBA902C322B3B2B9E /* [CP] Embed Pods Frameworks */,
				8781C5A785E09BD7AAEA9812 /* [CP] Copy Pods Resources */,
			);
			buildRules = (
			);
			dependencies = (
				D0F6469B1FB1DCC200D3242F /* PBXTargetDependency */,
			);
			name = EmergencyAlerter;
			productName = EmergencyAlerter;
			productReference = D0F646861FB1DCC200D3242F /* EmergencyAlerter.app */;
			productType = "com.apple.product-type.application";
		};
		D0F646971FB1DCC200D3242F /* EmergencyAlerter WatchKit App */ = {
			isa = PBXNativeTarget;
			buildConfigurationList = D0F646B91FB1DCC200D3242F /* Build configuration list for PBXNativeTarget "EmergencyAlerter WatchKit App" */;
			buildPhases = (
				5315873B70D9C5E09CDC06FD /* [CP] Check Pods Manifest.lock */,
				D0F646961FB1DCC200D3242F /* Resources */,
				D0F646B81FB1DCC200D3242F /* Embed App Extensions */,
				3371D41493C2ACF3BE0F52E8 /* Frameworks */,
				3BCC0B0DA248AD755AD49718 /* [CP] Copy Pods Resources */,
			);
			buildRules = (
			);
			dependencies = (
				D0F646AA1FB1DCC200D3242F /* PBXTargetDependency */,
			);
			name = "EmergencyAlerter WatchKit App";
			productName = "EmergencyAlerter WatchKit App";
			productReference = D0F646981FB1DCC200D3242F /* EmergencyAlerter WatchKit App.app */;
			productType = "com.apple.product-type.application.watchapp2";
		};
		D0F646A61FB1DCC200D3242F /* EmergencyAlerter WatchKit Extension */ = {
			isa = PBXNativeTarget;
			buildConfigurationList = D0F646B51FB1DCC200D3242F /* Build configuration list for PBXNativeTarget "EmergencyAlerter WatchKit Extension" */;
			buildPhases = (
				262B2D66F62BDF351EAF29C5 /* [CP] Check Pods Manifest.lock */,
				D0F646A31FB1DCC200D3242F /* Sources */,
				D0F646A41FB1DCC200D3242F /* Frameworks */,
				D0F646A51FB1DCC200D3242F /* Resources */,
				9A8FF2507DECD60015738E0F /* [CP] Embed Pods Frameworks */,
				39151F1949151886065B19A5 /* [CP] Copy Pods Resources */,
			);
			buildRules = (
			);
			dependencies = (
			);
			name = "EmergencyAlerter WatchKit Extension";
			productName = "EmergencyAlerter WatchKit Extension";
			productReference = D0F646A71FB1DCC200D3242F /* EmergencyAlerter WatchKit Extension.appex */;
			productType = "com.apple.product-type.watchkit2-extension";
		};
/* End PBXNativeTarget section */

/* Begin PBXProject section */
		D0F6467E1FB1DCC200D3242F /* Project object */ = {
			isa = PBXProject;
			attributes = {
				LastSwiftUpdateCheck = 0900;
				LastUpgradeCheck = 0900;
				ORGANIZATIONNAME = T11;
				TargetAttributes = {
					D0F646851FB1DCC200D3242F = {
						CreatedOnToolsVersion = 9.0;
						ProvisioningStyle = Automatic;
					};
					D0F646971FB1DCC200D3242F = {
						CreatedOnToolsVersion = 9.0;
						LastSwiftMigration = 0900;
						ProvisioningStyle = Automatic;
					};
					D0F646A61FB1DCC200D3242F = {
						CreatedOnToolsVersion = 9.0;
						ProvisioningStyle = Automatic;
					};
				};
			};
			buildConfigurationList = D0F646811FB1DCC200D3242F /* Build configuration list for PBXProject "EmergencyAlerter" */;
			compatibilityVersion = "Xcode 8.0";
			developmentRegion = en;
			hasScannedForEncodings = 0;
			knownRegions = (
				en,
				Base,
			);
			mainGroup = D0F6467D1FB1DCC200D3242F;
			productRefGroup = D0F646871FB1DCC200D3242F /* Products */;
			projectDirPath = "";
			projectRoot = "";
			targets = (
				D0F646851FB1DCC200D3242F /* EmergencyAlerter */,
				D0F646971FB1DCC200D3242F /* EmergencyAlerter WatchKit App */,
				D0F646A61FB1DCC200D3242F /* EmergencyAlerter WatchKit Extension */,
			);
		};
/* End PBXProject section */

/* Begin PBXResourcesBuildPhase section */
		D0F646841FB1DCC200D3242F /* Resources */ = {
			isa = PBXResourcesBuildPhase;
			buildActionMask = 2147483647;
			files = (
				D0F646941FB1DCC200D3242F /* LaunchScreen.storyboard in Resources */,
				D0F646911FB1DCC200D3242F /* Assets.xcassets in Resources */,
				D0F6468F1FB1DCC200D3242F /* Main.storyboard in Resources */,
			);
			runOnlyForDeploymentPostprocessing = 0;
		};
		D0F646961FB1DCC200D3242F /* Resources */ = {
			isa = PBXResourcesBuildPhase;
			buildActionMask = 2147483647;
			files = (
				D0F646A11FB1DCC200D3242F /* Assets.xcassets in Resources */,
				D0F6469F1FB1DCC200D3242F /* Interface.storyboard in Resources */,
			);
			runOnlyForDeploymentPostprocessing = 0;
		};
		D0F646A51FB1DCC200D3242F /* Resources */ = {
			isa = PBXResourcesBuildPhase;
			buildActionMask = 2147483647;
			files = (
				D0F646B11FB1DCC200D3242F /* Assets.xcassets in Resources */,
			);
			runOnlyForDeploymentPostprocessing = 0;
		};
/* End PBXResourcesBuildPhase section */

/* Begin PBXShellScriptBuildPhase section */
		089B0C2CBA902C322B3B2B9E /* [CP] Embed Pods Frameworks */ = {
			isa = PBXShellScriptBuildPhase;
			buildActionMask = 2147483647;
			files = (
			);
			inputPaths = (
				"${SRCROOT}/Pods/Target Support Files/Pods-EmergencyAlerter/Pods-EmergencyAlerter-frameworks.sh",
				"${BUILT_PRODUCTS_DIR}/Alamofire-iOS/Alamofire.framework",
				"${BUILT_PRODUCTS_DIR}/AlamofireObjectMapper-iOS/AlamofireObjectMapper.framework",
				"${BUILT_PRODUCTS_DIR}/ObjectMapper-iOS/ObjectMapper.framework",
			);
			name = "[CP] Embed Pods Frameworks";
			outputPaths = (
				"${TARGET_BUILD_DIR}/${FRAMEWORKS_FOLDER_PATH}/Alamofire.framework",
				"${TARGET_BUILD_DIR}/${FRAMEWORKS_FOLDER_PATH}/AlamofireObjectMapper.framework",
				"${TARGET_BUILD_DIR}/${FRAMEWORKS_FOLDER_PATH}/ObjectMapper.framework",
			);
			runOnlyForDeploymentPostprocessing = 0;
			shellPath = /bin/sh;
			shellScript = "\"${SRCROOT}/Pods/Target Support Files/Pods-EmergencyAlerter/Pods-EmergencyAlerter-frameworks.sh\"\n";
			showEnvVarsInLog = 0;
		};
		091AC4BBA14A682438B3F841 /* [CP] Check Pods Manifest.lock */ = {
			isa = PBXShellScriptBuildPhase;
			buildActionMask = 2147483647;
			files = (
			);
			inputPaths = (
				"${PODS_PODFILE_DIR_PATH}/Podfile.lock",
				"${PODS_ROOT}/Manifest.lock",
			);
			name = "[CP] Check Pods Manifest.lock";
			outputPaths = (
				"$(DERIVED_FILE_DIR)/Pods-EmergencyAlerter-checkManifestLockResult.txt",
			);
			runOnlyForDeploymentPostprocessing = 0;
			shellPath = /bin/sh;
			shellScript = "diff \"${PODS_PODFILE_DIR_PATH}/Podfile.lock\" \"${PODS_ROOT}/Manifest.lock\" > /dev/null\nif [ $? != 0 ] ; then\n    # print error to STDERR\n    echo \"error: The sandbox is not in sync with the Podfile.lock. Run 'pod install' or update your CocoaPods installation.\" >&2\n    exit 1\nfi\n# This output is used by Xcode 'outputs' to avoid re-running this script phase.\necho \"SUCCESS\" > \"${SCRIPT_OUTPUT_FILE_0}\"\n";
			showEnvVarsInLog = 0;
		};
		262B2D66F62BDF351EAF29C5 /* [CP] Check Pods Manifest.lock */ = {
			isa = PBXShellScriptBuildPhase;
			buildActionMask = 2147483647;
			files = (
			);
			inputPaths = (
				"${PODS_PODFILE_DIR_PATH}/Podfile.lock",
				"${PODS_ROOT}/Manifest.lock",
			);
			name = "[CP] Check Pods Manifest.lock";
			outputPaths = (
				"$(DERIVED_FILE_DIR)/Pods-EmergencyAlerter WatchKit Extension-checkManifestLockResult.txt",
			);
			runOnlyForDeploymentPostprocessing = 0;
			shellPath = /bin/sh;
			shellScript = "diff \"${PODS_PODFILE_DIR_PATH}/Podfile.lock\" \"${PODS_ROOT}/Manifest.lock\" > /dev/null\nif [ $? != 0 ] ; then\n    # print error to STDERR\n    echo \"error: The sandbox is not in sync with the Podfile.lock. Run 'pod install' or update your CocoaPods installation.\" >&2\n    exit 1\nfi\n# This output is used by Xcode 'outputs' to avoid re-running this script phase.\necho \"SUCCESS\" > \"${SCRIPT_OUTPUT_FILE_0}\"\n";
			showEnvVarsInLog = 0;
		};
		39151F1949151886065B19A5 /* [CP] Copy Pods Resources */ = {
			isa = PBXShellScriptBuildPhase;
			buildActionMask = 2147483647;
			files = (
			);
			inputPaths = (
			);
			name = "[CP] Copy Pods Resources";
			outputPaths = (
			);
			runOnlyForDeploymentPostprocessing = 0;
			shellPath = /bin/sh;
			shellScript = "\"${SRCROOT}/Pods/Target Support Files/Pods-EmergencyAlerter WatchKit Extension/Pods-EmergencyAlerter WatchKit Extension-resources.sh\"\n";
			showEnvVarsInLog = 0;
		};
		3BCC0B0DA248AD755AD49718 /* [CP] Copy Pods Resources */ = {
			isa = PBXShellScriptBuildPhase;
			buildActionMask = 2147483647;
			files = (
			);
			inputPaths = (
			);
			name = "[CP] Copy Pods Resources";
			outputPaths = (
			);
			runOnlyForDeploymentPostprocessing = 0;
			shellPath = /bin/sh;
			shellScript = "\"${SRCROOT}/Pods/Target Support Files/Pods-EmergencyAlerter WatchKit App/Pods-EmergencyAlerter WatchKit App-resources.sh\"\n";
			showEnvVarsInLog = 0;
		};
		5315873B70D9C5E09CDC06FD /* [CP] Check Pods Manifest.lock */ = {
			isa = PBXShellScriptBuildPhase;
			buildActionMask = 2147483647;
			files = (
			);
			inputPaths = (
				"${PODS_PODFILE_DIR_PATH}/Podfile.lock",
				"${PODS_ROOT}/Manifest.lock",
			);
			name = "[CP] Check Pods Manifest.lock";
			outputPaths = (
				"$(DERIVED_FILE_DIR)/Pods-EmergencyAlerter WatchKit App-checkManifestLockResult.txt",
			);
			runOnlyForDeploymentPostprocessing = 0;
			shellPath = /bin/sh;
			shellScript = "diff \"${PODS_PODFILE_DIR_PATH}/Podfile.lock\" \"${PODS_ROOT}/Manifest.lock\" > /dev/null\nif [ $? != 0 ] ; then\n    # print error to STDERR\n    echo \"error: The sandbox is not in sync with the Podfile.lock. Run 'pod install' or update your CocoaPods installation.\" >&2\n    exit 1\nfi\n# This output is used by Xcode 'outputs' to avoid re-running this script phase.\necho \"SUCCESS\" > \"${SCRIPT_OUTPUT_FILE_0}\"\n";
			showEnvVarsInLog = 0;
		};
		8781C5A785E09BD7AAEA9812 /* [CP] Copy Pods Resources */ = {
			isa = PBXShellScriptBuildPhase;
			buildActionMask = 2147483647;
			files = (
			);
			inputPaths = (
			);
			name = "[CP] Copy Pods Resources";
			outputPaths = (
			);
			runOnlyForDeploymentPostprocessing = 0;
			shellPath = /bin/sh;
			shellScript = "\"${SRCROOT}/Pods/Target Support Files/Pods-EmergencyAlerter/Pods-EmergencyAlerter-resources.sh\"\n";
			showEnvVarsInLog = 0;
		};
		9A8FF2507DECD60015738E0F /* [CP] Embed Pods Frameworks */ = {
			isa = PBXShellScriptBuildPhase;
			buildActionMask = 2147483647;
			files = (
			);
			inputPaths = (
			);
			name = "[CP] Embed Pods Frameworks";
			outputPaths = (
			);
			runOnlyForDeploymentPostprocessing = 0;
			shellPath = /bin/sh;
			shellScript = "\"${SRCROOT}/Pods/Target Support Files/Pods-EmergencyAlerter WatchKit Extension/Pods-EmergencyAlerter WatchKit Extension-frameworks.sh\"\n";
			showEnvVarsInLog = 0;
		};
/* End PBXShellScriptBuildPhase section */

/* Begin PBXSourcesBuildPhase section */
		D0F646821FB1DCC200D3242F /* Sources */ = {
			isa = PBXSourcesBuildPhase;
			buildActionMask = 2147483647;
			files = (
				D0F8B2541FB325E80005F472 /* GeoLocation.swift in Sources */,
				D0F8B2521FB325740005F472 /* PoliceStation.swift in Sources */,
				D00A898B1FB329F500968701 /* PoliceViewController.swift in Sources */,
				D0DB73311FBF4EFB00187EF3 /* CallViewController.swift in Sources */,
				D040A8601FBF58B600731C24 /* MessageViewController.swift in Sources */,
				D0F8B2561FB326200005F472 /* PoliceLoader.swift in Sources */,
				D0F6468A1FB1DCC200D3242F /* AppDelegate.swift in Sources */,
				D0CEE1D11FB453CB00E061E3 /* EmergencyAlerter.xcdatamodeld in Sources */,
				D0CEE1D41FB4546B00E061E3 /* SettingsViewController.swift in Sources */,
			);
			runOnlyForDeploymentPostprocessing = 0;
		};
		D0F646A31FB1DCC200D3242F /* Sources */ = {
			isa = PBXSourcesBuildPhase;
			buildActionMask = 2147483647;
			files = (
				D0F646AF1FB1DCC200D3242F /* ExtensionDelegate.swift in Sources */,
				D0CEE1A71FB4504300E061E3 /* SettingsInterfaceController.swift in Sources */,
				D0F646AD1FB1DCC200D3242F /* InterfaceController.swift in Sources */,
			);
			runOnlyForDeploymentPostprocessing = 0;
		};
/* End PBXSourcesBuildPhase section */

/* Begin PBXTargetDependency section */
		D0F6469B1FB1DCC200D3242F /* PBXTargetDependency */ = {
			isa = PBXTargetDependency;
			target = D0F646971FB1DCC200D3242F /* EmergencyAlerter WatchKit App */;
			targetProxy = D0F6469A1FB1DCC200D3242F /* PBXContainerItemProxy */;
		};
		D0F646AA1FB1DCC200D3242F /* PBXTargetDependency */ = {
			isa = PBXTargetDependency;
			target = D0F646A61FB1DCC200D3242F /* EmergencyAlerter WatchKit Extension */;
			targetProxy = D0F646A91FB1DCC200D3242F /* PBXContainerItemProxy */;
		};
/* End PBXTargetDependency section */

/* Begin PBXVariantGroup section */
		D0F6468D1FB1DCC200D3242F /* Main.storyboard */ = {
			isa = PBXVariantGroup;
			children = (
				D0F6468E1FB1DCC200D3242F /* Base */,
			);
			name = Main.storyboard;
			sourceTree = "<group>";
		};
		D0F646921FB1DCC200D3242F /* LaunchScreen.storyboard */ = {
			isa = PBXVariantGroup;
			children = (
				D0F646931FB1DCC200D3242F /* Base */,
			);
			name = LaunchScreen.storyboard;
			sourceTree = "<group>";
		};
		D0F6469D1FB1DCC200D3242F /* Interface.storyboard */ = {
			isa = PBXVariantGroup;
			children = (
				D0F6469E1FB1DCC200D3242F /* Base */,
			);
			name = Interface.storyboard;
			sourceTree = "<group>";
		};
/* End PBXVariantGroup section */

/* Begin XCBuildConfiguration section */
		D0F646B31FB1DCC200D3242F /* Debug */ = {
			isa = XCBuildConfiguration;
			buildSettings = {
				ALWAYS_SEARCH_USER_PATHS = NO;
				CLANG_ANALYZER_NONNULL = YES;
				CLANG_ANALYZER_NUMBER_OBJECT_CONVERSION = YES_AGGRESSIVE;
				CLANG_CXX_LANGUAGE_STANDARD = "gnu++14";
				CLANG_CXX_LIBRARY = "libc++";
				CLANG_ENABLE_MODULES = YES;
				CLANG_ENABLE_OBJC_ARC = YES;
				CLANG_WARN_BLOCK_CAPTURE_AUTORELEASING = YES;
				CLANG_WARN_BOOL_CONVERSION = YES;
				CLANG_WARN_COMMA = YES;
				CLANG_WARN_CONSTANT_CONVERSION = YES;
				CLANG_WARN_DIRECT_OBJC_ISA_USAGE = YES_ERROR;
				CLANG_WARN_DOCUMENTATION_COMMENTS = YES;
				CLANG_WARN_EMPTY_BODY = YES;
				CLANG_WARN_ENUM_CONVERSION = YES;
				CLANG_WARN_INFINITE_RECURSION = YES;
				CLANG_WARN_INT_CONVERSION = YES;
				CLANG_WARN_NON_LITERAL_NULL_CONVERSION = YES;
				CLANG_WARN_OBJC_LITERAL_CONVERSION = YES;
				CLANG_WARN_OBJC_ROOT_CLASS = YES_ERROR;
				CLANG_WARN_RANGE_LOOP_ANALYSIS = YES;
				CLANG_WARN_STRICT_PROTOTYPES = YES;
				CLANG_WARN_SUSPICIOUS_MOVE = YES;
				CLANG_WARN_UNGUARDED_AVAILABILITY = YES_AGGRESSIVE;
				CLANG_WARN_UNREACHABLE_CODE = YES;
				CLANG_WARN__DUPLICATE_METHOD_MATCH = YES;
				CODE_SIGN_IDENTITY = "iPhone Developer";
				COPY_PHASE_STRIP = NO;
				DEBUG_INFORMATION_FORMAT = dwarf;
				ENABLE_STRICT_OBJC_MSGSEND = YES;
				ENABLE_TESTABILITY = YES;
				GCC_C_LANGUAGE_STANDARD = gnu11;
				GCC_DYNAMIC_NO_PIC = NO;
				GCC_NO_COMMON_BLOCKS = YES;
				GCC_OPTIMIZATION_LEVEL = 0;
				GCC_PREPROCESSOR_DEFINITIONS = (
					"DEBUG=1",
					"$(inherited)",
				);
				GCC_WARN_64_TO_32_BIT_CONVERSION = YES;
				GCC_WARN_ABOUT_RETURN_TYPE = YES_ERROR;
				GCC_WARN_UNDECLARED_SELECTOR = YES;
				GCC_WARN_UNINITIALIZED_AUTOS = YES_AGGRESSIVE;
				GCC_WARN_UNUSED_FUNCTION = YES;
				GCC_WARN_UNUSED_VARIABLE = YES;
				IPHONEOS_DEPLOYMENT_TARGET = 11.0;
				MTL_ENABLE_DEBUG_INFO = YES;
				ONLY_ACTIVE_ARCH = YES;
				SDKROOT = iphoneos;
				SWIFT_ACTIVE_COMPILATION_CONDITIONS = DEBUG;
				SWIFT_OPTIMIZATION_LEVEL = "-Onone";
			};
			name = Debug;
		};
		D0F646B41FB1DCC200D3242F /* Release */ = {
			isa = XCBuildConfiguration;
			buildSettings = {
				ALWAYS_SEARCH_USER_PATHS = NO;
				CLANG_ANALYZER_NONNULL = YES;
				CLANG_ANALYZER_NUMBER_OBJECT_CONVERSION = YES_AGGRESSIVE;
				CLANG_CXX_LANGUAGE_STANDARD = "gnu++14";
				CLANG_CXX_LIBRARY = "libc++";
				CLANG_ENABLE_MODULES = YES;
				CLANG_ENABLE_OBJC_ARC = YES;
				CLANG_WARN_BLOCK_CAPTURE_AUTORELEASING = YES;
				CLANG_WARN_BOOL_CONVERSION = YES;
				CLANG_WARN_COMMA = YES;
				CLANG_WARN_CONSTANT_CONVERSION = YES;
				CLANG_WARN_DIRECT_OBJC_ISA_USAGE = YES_ERROR;
				CLANG_WARN_DOCUMENTATION_COMMENTS = YES;
				CLANG_WARN_EMPTY_BODY = YES;
				CLANG_WARN_ENUM_CONVERSION = YES;
				CLANG_WARN_INFINITE_RECURSION = YES;
				CLANG_WARN_INT_CONVERSION = YES;
				CLANG_WARN_NON_LITERAL_NULL_CONVERSION = YES;
				CLANG_WARN_OBJC_LITERAL_CONVERSION = YES;
				CLANG_WARN_OBJC_ROOT_CLASS = YES_ERROR;
				CLANG_WARN_RANGE_LOOP_ANALYSIS = YES;
				CLANG_WARN_STRICT_PROTOTYPES = YES;
				CLANG_WARN_SUSPICIOUS_MOVE = YES;
				CLANG_WARN_UNGUARDED_AVAILABILITY = YES_AGGRESSIVE;
				CLANG_WARN_UNREACHABLE_CODE = YES;
				CLANG_WARN__DUPLICATE_METHOD_MATCH = YES;
				CODE_SIGN_IDENTITY = "iPhone Developer";
				COPY_PHASE_STRIP = NO;
				DEBUG_INFORMATION_FORMAT = "dwarf-with-dsym";
				ENABLE_NS_ASSERTIONS = NO;
				ENABLE_STRICT_OBJC_MSGSEND = YES;
				GCC_C_LANGUAGE_STANDARD = gnu11;
				GCC_NO_COMMON_BLOCKS = YES;
				GCC_WARN_64_TO_32_BIT_CONVERSION = YES;
				GCC_WARN_ABOUT_RETURN_TYPE = YES_ERROR;
				GCC_WARN_UNDECLARED_SELECTOR = YES;
				GCC_WARN_UNINITIALIZED_AUTOS = YES_AGGRESSIVE;
				GCC_WARN_UNUSED_FUNCTION = YES;
				GCC_WARN_UNUSED_VARIABLE = YES;
				IPHONEOS_DEPLOYMENT_TARGET = 11.0;
				MTL_ENABLE_DEBUG_INFO = NO;
				SDKROOT = iphoneos;
				SWIFT_OPTIMIZATION_LEVEL = "-Owholemodule";
				VALIDATE_PRODUCT = YES;
			};
			name = Release;
		};
		D0F646B61FB1DCC200D3242F /* Debug */ = {
			isa = XCBuildConfiguration;
			baseConfigurationReference = 58502FAC4EAD1FE4BA0B8D54 /* Pods-EmergencyAlerter WatchKit Extension.debug.xcconfig */;
			buildSettings = {
				ASSETCATALOG_COMPILER_COMPLICATION_NAME = Complication;
				CODE_SIGN_STYLE = Automatic;
				DEVELOPMENT_TEAM = GCPP8UU94T;
				INFOPLIST_FILE = "EmergencyAlerter WatchKit Extension/Info.plist";
				LD_RUNPATH_SEARCH_PATHS = "$(inherited) @executable_path/Frameworks @executable_path/../../Frameworks";
				PRODUCT_BUNDLE_IDENTIFIER = at.fhj.ims.t11.EmergencyAlerter.watchkitapp.watchkitextension;
				PRODUCT_NAME = "${TARGET_NAME}";
				SDKROOT = watchos;
				SKIP_INSTALL = YES;
				SWIFT_VERSION = 4.0;
				TARGETED_DEVICE_FAMILY = 4;
				WATCHOS_DEPLOYMENT_TARGET = 4.0;
			};
			name = Debug;
		};
		D0F646B71FB1DCC200D3242F /* Release */ = {
			isa = XCBuildConfiguration;
			baseConfigurationReference = 5A85FB31B6385CC79BA37BDD /* Pods-EmergencyAlerter WatchKit Extension.release.xcconfig */;
			buildSettings = {
				ASSETCATALOG_COMPILER_COMPLICATION_NAME = Complication;
				CODE_SIGN_STYLE = Automatic;
				DEVELOPMENT_TEAM = GCPP8UU94T;
				INFOPLIST_FILE = "EmergencyAlerter WatchKit Extension/Info.plist";
				LD_RUNPATH_SEARCH_PATHS = "$(inherited) @executable_path/Frameworks @executable_path/../../Frameworks";
				PRODUCT_BUNDLE_IDENTIFIER = at.fhj.ims.t11.EmergencyAlerter.watchkitapp.watchkitextension;
				PRODUCT_NAME = "${TARGET_NAME}";
				SDKROOT = watchos;
				SKIP_INSTALL = YES;
				SWIFT_VERSION = 4.0;
				TARGETED_DEVICE_FAMILY = 4;
				WATCHOS_DEPLOYMENT_TARGET = 4.0;
			};
			name = Release;
		};
		D0F646BA1FB1DCC200D3242F /* Debug */ = {
			isa = XCBuildConfiguration;
			baseConfigurationReference = 4F0450BD1046A011C1E6048D /* Pods-EmergencyAlerter WatchKit App.debug.xcconfig */;
			buildSettings = {
				ALWAYS_EMBED_SWIFT_STANDARD_LIBRARIES = YES;
				ASSETCATALOG_COMPILER_APPICON_NAME = AppIcon;
				CLANG_ENABLE_MODULES = YES;
				CODE_SIGN_STYLE = Automatic;
				DEVELOPMENT_TEAM = GCPP8UU94T;
				IBSC_MODULE = EmergencyAlerter_WatchKit_Extension;
				INFOPLIST_FILE = "EmergencyAlerter WatchKit App/Info.plist";
				LD_RUNPATH_SEARCH_PATHS = "$(inherited) @executable_path/../Frameworks @loader_path/../Frameworks";
				PRODUCT_BUNDLE_IDENTIFIER = at.fhj.ims.t11.EmergencyAlerter.watchkitapp;
				PRODUCT_NAME = "$(TARGET_NAME)";
				SDKROOT = watchos;
				SKIP_INSTALL = YES;
				SWIFT_OBJC_BRIDGING_HEADER = "Model/EmergencyAlerter WatchKit App-Bridging-Header.h";
				SWIFT_OPTIMIZATION_LEVEL = "-Onone";
				SWIFT_VERSION = 4.0;
				TARGETED_DEVICE_FAMILY = 4;
				WATCHOS_DEPLOYMENT_TARGET = 4.0;
			};
			name = Debug;
		};
		D0F646BB1FB1DCC200D3242F /* Release */ = {
			isa = XCBuildConfiguration;
			baseConfigurationReference = E125E2632963BDF869878247 /* Pods-EmergencyAlerter WatchKit App.release.xcconfig */;
			buildSettings = {
				ALWAYS_EMBED_SWIFT_STANDARD_LIBRARIES = YES;
				ASSETCATALOG_COMPILER_APPICON_NAME = AppIcon;
				CLANG_ENABLE_MODULES = YES;
				CODE_SIGN_STYLE = Automatic;
				DEVELOPMENT_TEAM = GCPP8UU94T;
				IBSC_MODULE = EmergencyAlerter_WatchKit_Extension;
				INFOPLIST_FILE = "EmergencyAlerter WatchKit App/Info.plist";
				LD_RUNPATH_SEARCH_PATHS = "$(inherited) @executable_path/../Frameworks @loader_path/../Frameworks";
				PRODUCT_BUNDLE_IDENTIFIER = at.fhj.ims.t11.EmergencyAlerter.watchkitapp;
				PRODUCT_NAME = "$(TARGET_NAME)";
				SDKROOT = watchos;
				SKIP_INSTALL = YES;
				SWIFT_OBJC_BRIDGING_HEADER = "Model/EmergencyAlerter WatchKit App-Bridging-Header.h";
				SWIFT_VERSION = 4.0;
				TARGETED_DEVICE_FAMILY = 4;
				WATCHOS_DEPLOYMENT_TARGET = 4.0;
			};
			name = Release;
		};
		D0F646BE1FB1DCC200D3242F /* Debug */ = {
			isa = XCBuildConfiguration;
			baseConfigurationReference = 87E0807B6FC2FB68172A31CA /* Pods-EmergencyAlerter.debug.xcconfig */;
			buildSettings = {
				ASSETCATALOG_COMPILER_APPICON_NAME = AppIcon;
				CODE_SIGN_STYLE = Automatic;
				DEVELOPMENT_TEAM = GCPP8UU94T;
				INFOPLIST_FILE = EmergencyAlerter/Info.plist;
				LD_RUNPATH_SEARCH_PATHS = "$(inherited) @executable_path/Frameworks";
				PRODUCT_BUNDLE_IDENTIFIER = at.fhj.ims.t11.EmergencyAlerter;
				PRODUCT_NAME = "$(TARGET_NAME)";
				SWIFT_VERSION = 4.0;
				TARGETED_DEVICE_FAMILY = "1,2";
			};
			name = Debug;
		};
		D0F646BF1FB1DCC200D3242F /* Release */ = {
			isa = XCBuildConfiguration;
			baseConfigurationReference = F6B94CE3D9D26A39DB7D2EAF /* Pods-EmergencyAlerter.release.xcconfig */;
			buildSettings = {
				ASSETCATALOG_COMPILER_APPICON_NAME = AppIcon;
				CODE_SIGN_STYLE = Automatic;
				DEVELOPMENT_TEAM = GCPP8UU94T;
				INFOPLIST_FILE = EmergencyAlerter/Info.plist;
				LD_RUNPATH_SEARCH_PATHS = "$(inherited) @executable_path/Frameworks";
				PRODUCT_BUNDLE_IDENTIFIER = at.fhj.ims.t11.EmergencyAlerter;
				PRODUCT_NAME = "$(TARGET_NAME)";
				SWIFT_VERSION = 4.0;
				TARGETED_DEVICE_FAMILY = "1,2";
			};
			name = Release;
		};
/* End XCBuildConfiguration section */

/* Begin XCConfigurationList section */
		D0F646811FB1DCC200D3242F /* Build configuration list for PBXProject "EmergencyAlerter" */ = {
			isa = XCConfigurationList;
			buildConfigurations = (
				D0F646B31FB1DCC200D3242F /* Debug */,
				D0F646B41FB1DCC200D3242F /* Release */,
			);
			defaultConfigurationIsVisible = 0;
			defaultConfigurationName = Release;
		};
		D0F646B51FB1DCC200D3242F /* Build configuration list for PBXNativeTarget "EmergencyAlerter WatchKit Extension" */ = {
			isa = XCConfigurationList;
			buildConfigurations = (
				D0F646B61FB1DCC200D3242F /* Debug */,
				D0F646B71FB1DCC200D3242F /* Release */,
			);
			defaultConfigurationIsVisible = 0;
			defaultConfigurationName = Release;
		};
		D0F646B91FB1DCC200D3242F /* Build configuration list for PBXNativeTarget "EmergencyAlerter WatchKit App" */ = {
			isa = XCConfigurationList;
			buildConfigurations = (
				D0F646BA1FB1DCC200D3242F /* Debug */,
				D0F646BB1FB1DCC200D3242F /* Release */,
			);
			defaultConfigurationIsVisible = 0;
			defaultConfigurationName = Release;
		};
		D0F646BD1FB1DCC200D3242F /* Build configuration list for PBXNativeTarget "EmergencyAlerter" */ = {
			isa = XCConfigurationList;
			buildConfigurations = (
				D0F646BE1FB1DCC200D3242F /* Debug */,
				D0F646BF1FB1DCC200D3242F /* Release */,
			);
			defaultConfigurationIsVisible = 0;
			defaultConfigurationName = Release;
		};
/* End XCConfigurationList section */

/* Begin XCVersionGroup section */
		D0CEE1CF1FB453CB00E061E3 /* EmergencyAlerter.xcdatamodeld */ = {
			isa = XCVersionGroup;
			children = (
				D0CEE1D01FB453CB00E061E3 /* EmergencyAlerter.xcdatamodel */,
			);
			currentVersion = D0CEE1D01FB453CB00E061E3 /* EmergencyAlerter.xcdatamodel */;
			path = EmergencyAlerter.xcdatamodeld;
			sourceTree = "<group>";
			versionGroupType = wrapper.xcdatamodel;
		};
/* End XCVersionGroup section */
	};
	rootObject = D0F6467E1FB1DCC200D3242F /* Project object */;
}
